# This file is automatically @generated by Cargo.
# It is not intended for manual editing.
version = 4

[[package]]
name = "coding-challenge-redis-adorow"
version = "0.1.0"
dependencies = [
 "mock_instant",
]

[[package]]
name = "mock_instant"
version = "0.5.2"
source = "registry+https://github.com/rust-lang/crates.io-index"
checksum = "15dce1a197fd6e12d773d7e4e7e1681fa5de6eb689ecaae824dc3cd1f643e7dc"
